
Microsoft Visual Studio Solution File, Format Version 12.00
# Visual Studio 14
VisualStudioVersion = 14.0.25420.1
MinimumVisualStudioVersion = 10.0.40219.1
Project("{FAE04EC0-301F-11D3-BF4B-00C04F79EFBC}") = "Computer Vision Package", "Computer Vision Package\Computer Vision Package.csproj", "{BDD9EAEF-B6B3-4068-9B6A-A49D011591E7}"
EndProject
Project("{FAE04EC0-301F-11D3-BF4B-00C04F79EFBC}") = "HelperFunctionality", "HelperFunctionality\HelperFunctionality.csproj", "{2816653A-D41A-4ABA-98C0-F44D54C66DBC}"
EndProject
Project("{FAE04EC0-301F-11D3-BF4B-00C04F79EFBC}") = "ControlingClasses", "ControlingClasses\ControlingClasses.csproj", "{986967C4-1CFF-4B08-BA38-CBE41E08C104}"
EndProject
Project("{FAE04EC0-301F-11D3-BF4B-00C04F79EFBC}") = "AdditionalForms", "AdditionalForms\AdditionalForms.csproj", "{CCBC1E3C-3A8C-4C0A-BC9A-5072CB0BFA10}"
EndProject
Global
	GlobalSection(SolutionConfigurationPlatforms) = preSolution
		Debug|Any CPU = Debug|Any CPU
		Release|Any CPU = Release|Any CPU
	EndGlobalSection
	GlobalSection(ProjectConfigurationPlatforms) = postSolution
		{BDD9EAEF-B6B3-4068-9B6A-A49D011591E7}.Debug|Any CPU.ActiveCfg = Debug|Any CPU
		{BDD9EAEF-B6B3-4068-9B6A-A49D011591E7}.Debug|Any CPU.Build.0 = Debug|Any CPU
		{BDD9EAEF-B6B3-4068-9B6A-A49D011591E7}.Release|Any CPU.ActiveCfg = Release|Any CPU
		{BDD9EAEF-B6B3-4068-9B6A-A49D011591E7}.Release|Any CPU.Build.0 = Release|Any CPU
		{2816653A-D41A-4ABA-98C0-F44D54C66DBC}.Debug|Any CPU.ActiveCfg = Debug|Any CPU
		{2816653A-D41A-4ABA-98C0-F44D54C66DBC}.Debug|Any CPU.Build.0 = Debug|Any CPU
		{2816653A-D41A-4ABA-98C0-F44D54C66DBC}.Release|Any CPU.ActiveCfg = Release|Any CPU
		{2816653A-D41A-4ABA-98C0-F44D54C66DBC}.Release|Any CPU.Build.0 = Release|Any CPU
		{986967C4-1CFF-4B08-BA38-CBE41E08C104}.Debug|Any CPU.ActiveCfg = Debug|Any CPU
		{986967C4-1CFF-4B08-BA38-CBE41E08C104}.Debug|Any CPU.Build.0 = Debug|Any CPU
		{986967C4-1CFF-4B08-BA38-CBE41E08C104}.Release|Any CPU.ActiveCfg = Release|Any CPU
		{986967C4-1CFF-4B08-BA38-CBE41E08C104}.Release|Any CPU.Build.0 = Release|Any CPU
		{CCBC1E3C-3A8C-4C0A-BC9A-5072CB0BFA10}.Debug|Any CPU.ActiveCfg = Debug|Any CPU
		{CCBC1E3C-3A8C-4C0A-BC9A-5072CB0BFA10}.Debug|Any CPU.Build.0 = Debug|Any CPU
		{CCBC1E3C-3A8C-4C0A-BC9A-5072CB0BFA10}.Release|Any CPU.ActiveCfg = Release|Any CPU
		{CCBC1E3C-3A8C-4C0A-BC9A-5072CB0BFA10}.Release|Any CPU.Build.0 = Release|Any CPU
	EndGlobalSection
	GlobalSection(SolutionProperties) = preSolution
		HideSolutionNode = FALSE
	EndGlobalSection
EndGlobal
